Microsoft Visual Studio Solution File, Format Version 12.00
# Visual Studio Version 17
VisualStudioVersion = 17.5.2.0
MinimumVisualStudioVersion = 10.0.40219.1
Project("{2150E333-8FDC-42A3-9474-1A3956D46DE8}") = "OPETPortal", "OPETPortal", "{96510CBC-4A13-0AB2-3A09-D029FE99C5FA}"
EndProject
Project("{FAE04EC0-301F-11D3-BF4B-00C04F79EFBC}") = "OPETPortal.Web", "OPETPortal\OPETPortal.Web\OPETPortal.Web.csproj", "{6F0AFAC9-BC63-7E64-D9FE-57C948036773}"
EndProject
Global
	GlobalSection(SolutionConfigurationPlatforms) = preSolution
		Debug|Any CPU = Debug|Any CPU
		Release|Any CPU = Release|Any CPU
	EndGlobalSection
	GlobalSection(ProjectConfigurationPlatforms) = postSolution
		{6F0AFAC9-BC63-7E64-D9FE-57C948036773}.Debug|Any CPU.ActiveCfg = Debug|Any CPU
		{6F0AFAC9-BC63-7E64-D9FE-57C948036773}.Debug|Any CPU.Build.0 = Debug|Any CPU
		{6F0AFAC9-BC63-7E64-D9FE-57C948036773}.Release|Any CPU.ActiveCfg = Release|Any CPU
		{6F0AFAC9-BC63-7E64-D9FE-57C948036773}.Release|Any CPU.Build.0 = Release|Any CPU
	EndGlobalSection
	GlobalSection(SolutionProperties) = preSolution
		HideSolutionNode = FALSE
	EndGlobalSection
	GlobalSection(NestedProjects) = preSolution
		{6F0AFAC9-BC63-7E64-D9FE-57C948036773} = {96510CBC-4A13-0AB2-3A09-D029FE99C5FA}
	EndGlobalSection
	GlobalSection(ExtensibilityGlobals) = postSolution
		SolutionGuid = {C992586D-DA26-431F-990C-8933D8C62771}
	EndGlobalSection
EndGlobal
